
Microsoft Visual Studio Solution File, Format Version 12.00
# Visual Studio Version 17
VisualStudioVersion = 17.2.32630.192
MinimumVisualStudioVersion = 10.0.40219.1
Project("{8BC9CEB8-8B4A-11D0-8D11-00A0C91BC942}") = "Lab10", "..\..\..\..\..\..\..\repos\Lab10\Lab10.vcxproj", "{DA4DB8D2-B418-4F0A-80E5-F7DB03A3098E}"
EndProject
Global
	GlobalSection(SolutionConfigurationPlatforms) = preSolution
		Debug|x64 = Debug|x64
		Debug|x86 = Debug|x86
		Release|x64 = Release|x64
		Release|x86 = Release|x86
	EndGlobalSection
	GlobalSection(ProjectConfigurationPlatforms) = postSolution
		{DA4DB8D2-B418-4F0A-80E5-F7DB03A3098E}.Debug|x64.ActiveCfg = Debug|x64
		{DA4DB8D2-B418-4F0A-80E5-F7DB03A3098E}.Debug|x64.Build.0 = Debug|x64
		{DA4DB8D2-B418-4F0A-80E5-F7DB03A3098E}.Debug|x86.ActiveCfg = Debug|Win32
		{DA4DB8D2-B418-4F0A-80E5-F7DB03A3098E}.Debug|x86.Build.0 = Debug|Win32
		{DA4DB8D2-B418-4F0A-80E5-F7DB03A3098E}.Release|x64.ActiveCfg = Release|x64
		{DA4DB8D2-B418-4F0A-80E5-F7DB03A3098E}.Release|x64.Build.0 = Release|x64
		{DA4DB8D2-B418-4F0A-80E5-F7DB03A3098E}.Release|x86.ActiveCfg = Release|Win32
		{DA4DB8D2-B418-4F0A-80E5-F7DB03A3098E}.Release|x86.Build.0 = Release|Win32
	EndGlobalSection
	GlobalSection(SolutionProperties) = preSolution
		HideSolutionNode = FALSE
	EndGlobalSection
	GlobalSection(ExtensibilityGlobals) = postSolution
		SolutionGuid = {6058693F-40A5-47D4-A6BD-71DD1D5E764C}
	EndGlobalSection
EndGlobal
